
Microsoft Visual Studio Solution File, Format Version 10.00
# Visual C# Express 2008
Project("{FAE04EC0-301F-11D3-BF4B-00C04F79EFBC}") = "ElavidScrabble", "ElavidScrabble\ElavidScrabble.csproj", "{82815818-8168-4659-AFBE-A854ADC3F209}"
EndProject
Project("{FAE04EC0-301F-11D3-BF4B-00C04F79EFBC}") = "SpeedyScrabbleEngine", "SpeedyScrabbleEngine\SpeedyScrabbleEngine.csproj", "{85EF11C4-4615-42CF-A604-0ECD81A2D3E0}"
EndProject
Global
	GlobalSection(SolutionConfigurationPlatforms) = preSolution
		Debug|Any CPU = Debug|Any CPU
		Release|Any CPU = Release|Any CPU
	EndGlobalSection
	GlobalSection(ProjectConfigurationPlatforms) = postSolution
		{82815818-8168-4659-AFBE-A854ADC3F209}.Debug|Any CPU.ActiveCfg = Debug|Any CPU
		{82815818-8168-4659-AFBE-A854ADC3F209}.Debug|Any CPU.Build.0 = Debug|Any CPU
		{82815818-8168-4659-AFBE-A854ADC3F209}.Release|Any CPU.ActiveCfg = Release|Any CPU
		{82815818-8168-4659-AFBE-A854ADC3F209}.Release|Any CPU.Build.0 = Release|Any CPU
		{85EF11C4-4615-42CF-A604-0ECD81A2D3E0}.Debug|Any CPU.ActiveCfg = Debug|Any CPU
		{85EF11C4-4615-42CF-A604-0ECD81A2D3E0}.Debug|Any CPU.Build.0 = Debug|Any CPU
		{85EF11C4-4615-42CF-A604-0ECD81A2D3E0}.Release|Any CPU.ActiveCfg = Release|Any CPU
		{85EF11C4-4615-42CF-A604-0ECD81A2D3E0}.Release|Any CPU.Build.0 = Release|Any CPU
	EndGlobalSection
	GlobalSection(SolutionProperties) = preSolution
		HideSolutionNode = FALSE
	EndGlobalSection
EndGlobal
